{
  "name": "tigger-tunnel",
  "version": "1.0.0",
  "lockfileVersion": 1,
  "requires": true,
  "dependencies": {
    "zstd-codec": {
      "version": "0.1.2",
      "resolved": "https://registry.npmjs.org/zstd-codec/-/zstd-codec-0.1.2.tgz",
      "integrity": "sha512-t1gdk33h1wT7YcBPebyGWGJTWodKsJVfDeVN0q2x/htPGLEX3BAuBvOFsU4W3BplbmTXwvH8c/TUZ/DPTXOFfg=="
    }
  }
}
